
Microsoft Visual Studio Solution File, Format Version 12.00
# Visual Studio Version 17
VisualStudioVersion = 17.4.33213.308
MinimumVisualStudioVersion = 10.0.40219.1
Project("{F184B08F-C81C-45F6-A57F-5ABD9991F28F}") = "Array_1", "Array_1.vbproj", "{53F0D2EB-53C2-434D-A353-AFA2632F53FD}"
EndProject
Global
	GlobalSection(SolutionConfigurationPlatforms) = preSolution
		Debug|Any CPU = Debug|Any CPU
		Release|Any CPU = Release|Any CPU
	EndGlobalSection
	GlobalSection(ProjectConfigurationPlatforms) = postSolution
		{53F0D2EB-53C2-434D-A353-AFA2632F53FD}.Debug|Any CPU.ActiveCfg = Debug|Any CPU
		{53F0D2EB-53C2-434D-A353-AFA2632F53FD}.Debug|Any CPU.Build.0 = Debug|Any CPU
		{53F0D2EB-53C2-434D-A353-AFA2632F53FD}.Release|Any CPU.ActiveCfg = Release|Any CPU
		{53F0D2EB-53C2-434D-A353-AFA2632F53FD}.Release|Any CPU.Build.0 = Release|Any CPU
	EndGlobalSection
	GlobalSection(SolutionProperties) = preSolution
		HideSolutionNode = FALSE
	EndGlobalSection
	GlobalSection(ExtensibilityGlobals) = postSolution
		SolutionGuid = {8588B886-F064-425F-8974-7D0DE35D9965}
	EndGlobalSection
EndGlobal
