
Microsoft Visual Studio Solution File, Format Version 12.00
# Visual Studio Version 17
VisualStudioVersion = 17.4.33213.308
MinimumVisualStudioVersion = 10.0.40219.1
Project("{F184B08F-C81C-45F6-A57F-5ABD9991F28F}") = "For loop", "For loop.vbproj", "{29CA4014-4B05-4F7C-B3B0-0B7553FB3ADD}"
EndProject
Global
	GlobalSection(SolutionConfigurationPlatforms) = preSolution
		Debug|Any CPU = Debug|Any CPU
		Release|Any CPU = Release|Any CPU
	EndGlobalSection
	GlobalSection(ProjectConfigurationPlatforms) = postSolution
		{29CA4014-4B05-4F7C-B3B0-0B7553FB3ADD}.Debug|Any CPU.ActiveCfg = Debug|Any CPU
		{29CA4014-4B05-4F7C-B3B0-0B7553FB3ADD}.Debug|Any CPU.Build.0 = Debug|Any CPU
		{29CA4014-4B05-4F7C-B3B0-0B7553FB3ADD}.Release|Any CPU.ActiveCfg = Release|Any CPU
		{29CA4014-4B05-4F7C-B3B0-0B7553FB3ADD}.Release|Any CPU.Build.0 = Release|Any CPU
	EndGlobalSection
	GlobalSection(SolutionProperties) = preSolution
		HideSolutionNode = FALSE
	EndGlobalSection
	GlobalSection(ExtensibilityGlobals) = postSolution
		SolutionGuid = {E7C64901-8754-43E2-9CE7-C4C2F6009F1A}
	EndGlobalSection
EndGlobal
