
Microsoft Visual Studio Solution File, Format Version 12.00
# Visual Studio Version 17
VisualStudioVersion = 17.4.33213.308
MinimumVisualStudioVersion = 10.0.40219.1
Project("{F184B08F-C81C-45F6-A57F-5ABD9991F28F}") = "visual_basic", "visual_basic\visual_basic.vbproj", "{16F193F8-0888-4F02-BA78-EE4E41D327BA}"
EndProject
Global
	GlobalSection(SolutionConfigurationPlatforms) = preSolution
		Debug|Any CPU = Debug|Any CPU
		Release|Any CPU = Release|Any CPU
	EndGlobalSection
	GlobalSection(ProjectConfigurationPlatforms) = postSolution
		{16F193F8-0888-4F02-BA78-EE4E41D327BA}.Debug|Any CPU.ActiveCfg = Debug|Any CPU
		{16F193F8-0888-4F02-BA78-EE4E41D327BA}.Debug|Any CPU.Build.0 = Debug|Any CPU
		{16F193F8-0888-4F02-BA78-EE4E41D327BA}.Release|Any CPU.ActiveCfg = Release|Any CPU
		{16F193F8-0888-4F02-BA78-EE4E41D327BA}.Release|Any CPU.Build.0 = Release|Any CPU
	EndGlobalSection
	GlobalSection(SolutionProperties) = preSolution
		HideSolutionNode = FALSE
	EndGlobalSection
	GlobalSection(ExtensibilityGlobals) = postSolution
		SolutionGuid = {EA63286C-2743-44CD-B225-B4B48C9ED53A}
	EndGlobalSection
EndGlobal
